
Microsoft Visual Studio Solution File, Format Version 12.00
# Visual Studio Version 16
VisualStudioVersion = 16.0.29613.14
MinimumVisualStudioVersion = 10.0.40219.1
Project("{FAE04EC0-301F-11D3-BF4B-00C04F79EFBC}") = "E-UCSI", "E-UCSI\E-UCSI.csproj", "{89705639-B288-4DAC-AA59-663126DA40CB}"
EndProject
Global
	GlobalSection(SolutionConfigurationPlatforms) = preSolution
		Debug|Any CPU = Debug|Any CPU
		Release|Any CPU = Release|Any CPU
	EndGlobalSection
	GlobalSection(ProjectConfigurationPlatforms) = postSolution
		{89705639-B288-4DAC-AA59-663126DA40CB}.Debug|Any CPU.ActiveCfg = Debug|Any CPU
		{89705639-B288-4DAC-AA59-663126DA40CB}.Debug|Any CPU.Build.0 = Debug|Any CPU
		{89705639-B288-4DAC-AA59-663126DA40CB}.Release|Any CPU.ActiveCfg = Release|Any CPU
		{89705639-B288-4DAC-AA59-663126DA40CB}.Release|Any CPU.Build.0 = Release|Any CPU
	EndGlobalSection
	GlobalSection(SolutionProperties) = preSolution
		HideSolutionNode = FALSE
	EndGlobalSection
	GlobalSection(ExtensibilityGlobals) = postSolution
		SolutionGuid = {AD239330-19CF-4ECF-9FAA-399D7D5172C4}
	EndGlobalSection
EndGlobal
